github.com/BurntSushi/xgb v0.0.0-20160522181843-27f122750802 h1:1BDTz0u9nC3//pOCMdNH+CiXJVYJh5UQNCOBG7jbELc=
github.com/BurntSushi/xgb v0.0.0-20160522181843-27f122750802/go.mod h1:IVnqGOEym/WlBOVXweHU+Q+/VP0lqqI8lqeDx9IjBqo=
github.com/BurntSushi/xgbutil v0.0.0-20160919175755-f7c97cef3b4e h1:4ZrkT/RzpnROylmoQL57iVUL57wGKTR5O6KpVnbm2tA=
github.com/BurntSushi/xgbutil v0.0.0-20160919175755-f7c97cef3b4e/go.mod h1:uw9h2sd4WWHOPdJ13MQpwK5qYWKYDumDqxWWIknEQ+k=
github.com/StackExchange/wmi v0.0.0-20180116203802-5d049714c4a6/go.mod h1:3eOhrUMpNV+6aFIbp5/iudMxNCF27Vw2OZgy4xEx0Fg=
github.com/StackExchange/wmi v0.0.0-20180725035823-b12b22c5341f h1:5ZfJxyXo8KyX8DgGXC5B7ILL8y51fci/qYz2B4j8iLY=
github.com/StackExchange/wmi v0.0.0-20180725035823-b12b22c5341f/go.mod h1:3eOhrUMpNV+6aFIbp5/iudMxNCF27Vw2OZgy4xEx0Fg=
github.com/go-ole/go-ole v1.2.1 h1:2lOsA72HgjxAuMlKpFiCbHTvu44PIVkZ5hqm3RSdI/E=
github.com/go-ole/go-ole v1.2.1/go.mod h1:7FAglXiTm7HKlQRDeOQ6ZNUHidzCWXuZWq/1dTyBNF8=
github.com/golang/sys v0.0.0-20181122145206-62eef0e2fa9b h1:8dUiY3+7L+aG/CaTlkY4vu5uCokQssnNAH/kPDZIfPc=
github.com/golang/sys v0.0.0-20181122145206-62eef0e2fa9b/go.mod h1:5JyrLPvD/ZdaYkT7IqKhsP5xt7aLjA99KXRtk4EIYDk=
github.com/golang/sys v0.0.0-20181128092732-4ed8d59d0b35 h1:jqWY0LVs1v36Yan3TvXswpCI55RObUZkSaDCGxWzz3I=
github.com/golang/sys v0.0.0-20181128092732-4ed8d59d0b35/go.mod h1:5JyrLPvD/ZdaYkT7IqKhsP5xt7aLjA99KXRtk4EIYDk=
github.com/lxn/win v0.0.0-20181015143721-a7f87360b10e h1:dz4TzIsrPe4XtUyhLkOLdCS8UkVwJKQu4WY8VcIwo3I=
github.com/lxn/win v0.0.0-20181015143721-a7f87360b10e/go.mod h1:jACzEp9RV7NhfPJQkiCNTteU4nkZZVlvkNpYtVOZPfE=
github.com/otiai10/gosseract v2.2.0+incompatible h1:r2Icyba/doznLy0MgsDMWJADETgJNjlX78x/BBbhCUY=
github.com/otiai10/gosseract v2.2.0+incompatible/go.mod h1:XrzWItCzCpFRZ35n3YtVTgq5bLAhFIkascoRo8G32QE=
github.com/robotn/gohook v0.0.0-20180917181714-40c3386427eb h1:cJEBEeZMZvp+NhNwWAnte1GFWPdFeUcRpJr0jNcTBx8=
github.com/robotn/gohook v0.0.0-20180917181714-40c3386427eb/go.mod h1:YD5RyCnUEY2xqtkkgeQVZ31UAfAnVPwUxpTE5cwSXg4=
github.com/robotn/gohook v0.0.0-20181113164304-f27e2e52653b h1:moAgmAFNYOWzL16ayZVQsyLmpqnW8nyOiiCzGqUwS+c=
github.com/robotn/gohook v0.0.0-20181113164304-f27e2e52653b/go.mod h1:YD5RyCnUEY2xqtkkgeQVZ31UAfAnVPwUxpTE5cwSXg4=
github.com/robotn/gohook v0.0.0-20181129155932-f842bde28946 h1:Cd6iWpg32CnltMMutqgKVQZzXLr9wGupMUPaWETF1PY=
github.com/robotn/gohook v0.0.0-20181129155932-f842bde28946/go.mod h1:YD5RyCnUEY2xqtkkgeQVZ31UAfAnVPwUxpTE5cwSXg4=
github.com/shirou/gopsutil v0.0.0-20180801053943-8048a2e9c577 h1:fgCv3khdlkkaSfAehroQ2qpqJaM4eBFl6MhCWOWQNpY=
github.com/shirou/gopsutil v0.0.0-20180801053943-8048a2e9c577/go.mod h1:5b4v6he4MtMOwMlS0TUMTu2PcXUg8+E1lC7eC3UO/RA=
github.com/shirou/gopsutil v2.18.10+incompatible h1:cy84jW6EVRPa5g9HAHrlbxMSIjBhDSX0OFYyMYminYs=
github.com/shirou/gopsutil v2.18.10+incompatible/go.mod h1:5b4v6he4MtMOwMlS0TUMTu2PcXUg8+E1lC7eC3UO/RA=
github.com/shirou/gopsutil v2.18.11+incompatible h1:PMFTKnFTr/YTRW5rbLK4vWALV3a+IGXse5nvhSjztmg=
github.com/shirou/gopsutil v2.18.11+incompatible/go.mod h1:5b4v6he4MtMOwMlS0TUMTu2PcXUg8+E1lC7eC3UO/RA=
github.com/shirou/w32 v0.0.0-20160930032740-bb4de0191aa4 h1:udFKJ0aHUL60LboW/A+DfgoHVedieIzIXE8uylPue0U=
github.com/shirou/w32 v0.0.0-20160930032740-bb4de0191aa4/go.mod h1:qsXQc7+bwAM3Q1u/4XEfrquwF8Lw7D7y5cD8CuHnfIc=
github.com/vcaesar/imgo v0.0.0-20181001170449-7a535c786a55 h1:SCr4o7U+huxv/FLDBzxNUWJIecvMKDoYl/zymEnVcMk=
github.com/vcaesar/imgo v0.0.0-20181001170449-7a535c786a55/go.mod h1:oOApz3h+7V0sisQixDPGNr2A5byfaZJy8fk8CSObRSQ=
github.com/vcaesar/imgo v0.0.0-20181129152223-2b984c81a465 h1:jg9qUlR8levZ9jsbAcUIiSCATaJ7bVfLg4NcJPPeg1c=
github.com/vcaesar/imgo v0.0.0-20181129152223-2b984c81a465/go.mod h1:D+Ywq+8bsOIg4nUk1lgHtPGxYxknhySi/HfZjG7VN/g=
golang.org/x/image v0.0.0-20181116024801-cd38e8056d9b h1:VHyIDlv3XkfCa5/a81uzaoDkHH4rr81Z62g+xlnO8uM=
golang.org/x/image v0.0.0-20181116024801-cd38e8056d9b/go.mod h1:ux5Hcp/YLpHSI86hEcLt0YII63i6oz57MZXIpbrjZUs=
golang.org/x/sys v0.0.0-20181122145206-62eef0e2fa9b h1:MQE+LT/ABUuuvEZ+YQAMSXindAdUh7slEmAkup74op4=
golang.org/x/sys v0.0.0-20181122145206-62eef0e2fa9b/go.mod h1:STP8DvDyc/dI5b8T5hshtkjS+E42TnysNCUPdjciGhY=
golang.org/x/sys v0.0.0-20181128092732-4ed8d59d0b35 h1:YAFjXN64LMvktoUZH9zgY4lGc/msGN7HQfoSuKCgaDU=
golang.org/x/sys v0.0.0-20181128092732-4ed8d59d0b35/go.mod h1:STP8DvDyc/dI5b8T5hshtkjS+E42TnysNCUPdjciGhY=
