# This file is autogenerated, do not edit; changes may be undone by the next 'dep ensure'.


[[projects]]
  branch = "master"
  name = "github.com/BurntSushi/xgb"
  packages = [
    ".",
    "shape",
    "xinerama",
    "xproto"
  ]
  revision = "27f122750802c950b2c869a5b63dafcf590ced95"

[[projects]]
  branch = "master"
  name = "github.com/BurntSushi/xgbutil"
  packages = [
    ".",
    "ewmh",
    "xevent",
    "xprop"
  ]
  revision = "f7c97cef3b4e6c88280a5a7091c3314e815ca243"

[[projects]]
  name = "github.com/StackExchange/wmi"
  packages = ["."]
  revision = "5d049714c4a64225c3c79a7cf7d02f7fb5b96338"
  version = "1.0.0"

[[projects]]
  name = "github.com/go-ole/go-ole"
  packages = [
    ".",
    "oleutil"
  ]
  revision = "a41e3c4b706f6ae8dfbff342b06e40fa4d2d0506"
  version = "v1.2.1"

[[projects]]
  branch = "master"
  name = "github.com/lxn/win"
  packages = ["."]
  revision = "a7f87360b10eafe73bd3ff01db16976fe7560fbf"

[[projects]]
  name = "github.com/otiai10/gosseract"
  packages = ["."]
  revision = "b026a6fd291f00736db60738f4e83a79d26359cb"
  version = "v2.2.0"

[[projects]]
  branch = "master"
  name = "github.com/robotn/gohook"
  packages = ["."]
  revision = "40c3386427eb558eb26426d3f56ac766c3e32335"

[[projects]]
  name = "github.com/shirou/gopsutil"
  packages = [
    "cpu",
    "host",
    "internal/common",
    "mem",
    "net",
    "process"
  ]
  revision = "8048a2e9c5773235122027dd585cf821b2af1249"
  version = "v2.18.07"

[[projects]]
  branch = "master"
  name = "github.com/shirou/w32"
  packages = ["."]
  revision = "bb4de0191aa41b5507caa14b0650cdbddcd9280b"

[[projects]]
  branch = "master"
  name = "github.com/vcaesar/imgo"
  packages = ["."]
  revision = "7a535c786a552a980ff9d883fda108dce63361ef"

[[projects]]
  branch = "master"
  name = "golang.org/x/image"
  packages = ["bmp"]
  revision = "2a2258ff36e99cf9156acfc715e3f83d47d6f0fd"

[[projects]]
  branch = "master"
  name = "golang.org/x/sys"
  packages = [
    "unix",
    "windows"
  ]
  revision = "95b1ffbd15a57cc5abb3f04402b9e8ec0016a52c"

[solve-meta]
  analyzer-name = "dep"
  analyzer-version = 1
  inputs-digest = "b1299bcf48c5b674a219acd0d53d6e1dc9cd44f60a9448f74d2fb623eaf9b00a"
  solver-name = "gps-cdcl"
  solver-version = 1
